
Microsoft Visual Studio Solution File, Format Version 12.00
# Visual Studio 15
VisualStudioVersion = 15.0.27703.2026
MinimumVisualStudioVersion = 10.0.40219.1
Project("{FAE04EC0-301F-11D3-BF4B-00C04F79EFBC}") = "EchoBox", "EchoBox\EchoBox.csproj", "{BF31309D-F848-4E1F-8208-8CB2D92F7A51}"
EndProject
Global
	GlobalSection(SolutionConfigurationPlatforms) = preSolution
		Debug|Any CPU = Debug|Any CPU
		Release|Any CPU = Release|Any CPU
	EndGlobalSection
	GlobalSection(ProjectConfigurationPlatforms) = postSolution
		{BF31309D-F848-4E1F-8208-8CB2D92F7A51}.Debug|Any CPU.ActiveCfg = Debug|Any CPU
		{BF31309D-F848-4E1F-8208-8CB2D92F7A51}.Debug|Any CPU.Build.0 = Debug|Any CPU
		{BF31309D-F848-4E1F-8208-8CB2D92F7A51}.Release|Any CPU.ActiveCfg = Release|Any CPU
		{BF31309D-F848-4E1F-8208-8CB2D92F7A51}.Release|Any CPU.Build.0 = Release|Any CPU
	EndGlobalSection
	GlobalSection(SolutionProperties) = preSolution
		HideSolutionNode = FALSE
	EndGlobalSection
	GlobalSection(ExtensibilityGlobals) = postSolution
		SolutionGuid = {89FDF47E-EF65-4390-A3F8-09CA5FF62444}
	EndGlobalSection
EndGlobal
